{
  "name": "nvim",
  "lockfileVersion": 2,
  "requires": true,
  "packages": {
    "": {
      "dependencies": {
        "clangd": "^0.0.0"
      }
    },
    "node_modules/clangd": {
      "version": "0.0.0",
      "resolved": "https://registry.npmjs.org/clangd/-/clangd-0.0.0.tgz",
      "integrity": "sha512-EvLmNqMc/VxusZEo5+gnXts6mA8uxCnyzLUuyDsJI2l2zb2hKtF28Rn3di60bydGnXbZjxvDL49hifuXM6tAug=="
    }
  },
  "dependencies": {
    "clangd": {
      "version": "0.0.0",
      "resolved": "https://registry.npmjs.org/clangd/-/clangd-0.0.0.tgz",
      "integrity": "sha512-EvLmNqMc/VxusZEo5+gnXts6mA8uxCnyzLUuyDsJI2l2zb2hKtF28Rn3di60bydGnXbZjxvDL49hifuXM6tAug=="
    }
  }
}
